
Microsoft Visual Studio Solution File, Format Version 12.00
# Visual Studio Version 16
VisualStudioVersion = 16.0.31005.135
MinimumVisualStudioVersion = 10.0.40219.1
Project("{FAE04EC0-301F-11D3-BF4B-00C04F79EFBC}") = "DAIDialogSim", "DAIDialogSim.csproj", "{E4581968-112F-4659-AEE9-A3BCCD44789A}"
EndProject
Global
	GlobalSection(SolutionConfigurationPlatforms) = preSolution
		Debug|Any CPU = Debug|Any CPU
		Release|Any CPU = Release|Any CPU
	EndGlobalSection
	GlobalSection(ProjectConfigurationPlatforms) = postSolution
		{E4581968-112F-4659-AEE9-A3BCCD44789A}.Debug|Any CPU.ActiveCfg = Debug|Any CPU
		{E4581968-112F-4659-AEE9-A3BCCD44789A}.Debug|Any CPU.Build.0 = Debug|Any CPU
		{E4581968-112F-4659-AEE9-A3BCCD44789A}.Release|Any CPU.ActiveCfg = Release|Any CPU
		{E4581968-112F-4659-AEE9-A3BCCD44789A}.Release|Any CPU.Build.0 = Release|Any CPU
	EndGlobalSection
	GlobalSection(SolutionProperties) = preSolution
		HideSolutionNode = FALSE
	EndGlobalSection
	GlobalSection(ExtensibilityGlobals) = postSolution
		SolutionGuid = {4E11E74D-6B70-4DE1-B0B7-CA339E1AFF01}
	EndGlobalSection
EndGlobal
